// !$*UTF8*$!
{
	archiveVersion = 1;
	classes = {
	};
	objectVersion = 46;
	objects = {

/* Begin PBXBuildFile section */
		270FA2781BF53CEA005DCB13 /* Value.cc in Sources */ = {isa = PBXBuildFile; fileRef = 270FA26A1BF53CEA005DCB13 /* Value.cc */; };
		270FA2791BF53CEA005DCB13 /* Value.hh in Headers */ = {isa = PBXBuildFile; fileRef = 270FA26B1BF53CEA005DCB13 /* Value.hh */; };
		270FA27A1BF53CEA005DCB13 /* Value+JSON.cc in Sources */ = {isa = PBXBuildFile; fileRef = 270FA26C1BF53CEA005DCB13 /* Value+JSON.cc */; };
		270FA27B1BF53CEA005DCB13 /* Value+ObjC.mm in Sources */ = {isa = PBXBuildFile; fileRef = 270FA26D1BF53CEA005DCB13 /* Value+ObjC.mm */; };
		270FA27C1BF53CEA005DCB13 /* Encoder.cc in Sources */ = {isa = PBXBuildFile; fileRef = 270FA26E1BF53CEA005DCB13 /* Encoder.cc */; };
		270FA27D1BF53CEA005DCB13 /* Encoder.hh in Headers */ = {isa = PBXBuildFile; fileRef = 270FA26F1BF53CEA005DCB13 /* Encoder.hh */; };
		270FA27E1BF53CEA005DCB13 /* Encoder+ObjC.mm in Sources */ = {isa = PBXBuildFile; fileRef = 270FA2701BF53CEA005DCB13 /* Encoder+ObjC.mm */; };
		270FA27F1BF53CEA005DCB13 /* Writer.cc in Sources */ = {isa = PBXBuildFile; fileRef = 270FA2711BF53CEA005DCB13 /* Writer.cc */; };
		270FA2801BF53CEA005DCB13 /* Writer.hh in Headers */ = {isa = PBXBuildFile; fileRef = 270FA2721BF53CEA005DCB13 /* Writer.hh */; };
		270FA2811BF53CEA005DCB13 /* Endian.hh in Headers */ = {isa = PBXBuildFile; fileRef = 270FA2731BF53CEA005DCB13 /* Endian.hh */; };
		270FA2821BF53CEA005DCB13 /* slice.cc in Sources */ = {isa = PBXBuildFile; fileRef = 270FA2741BF53CEA005DCB13 /* slice.cc */; };
		270FA2831BF53CEA005DCB13 /* slice.hh in Headers */ = {isa = PBXBuildFile; fileRef = 270FA2751BF53CEA005DCB13 /* slice.hh */; };
		270FA2841BF53CEA005DCB13 /* varint.cc in Sources */ = {isa = PBXBuildFile; fileRef = 270FA2761BF53CEA005DCB13 /* varint.cc */; };
		270FA2851BF53CEA005DCB13 /* varint.hh in Headers */ = {isa = PBXBuildFile; fileRef = 270FA2771BF53CEA005DCB13 /* varint.hh */; };
		270FA2871BF53D32005DCB13 /* forestdb_endian.h in Headers */ = {isa = PBXBuildFile; fileRef = 270FA2861BF53D32005DCB13 /* forestdb_endian.h */; };
		272E5A521BF7FE7100848580 /* FleeceTests.cc in Sources */ = {isa = PBXBuildFile; fileRef = 272E5A451BF7FD8F00848580 /* FleeceTests.cc */; };
		272E5A551BF7FE9C00848580 /* libFleece.a in Frameworks */ = {isa = PBXBuildFile; fileRef = 270FA25C1BF53CAD005DCB13 /* libFleece.a */; };
		272E5A571BF7FEB200848580 /* libstdc++.tbd in Frameworks */ = {isa = PBXBuildFile; fileRef = 272E5A561BF7FEB200848580 /* libstdc++.tbd */; };
		272E5A591BF7FED600848580 /* libcppunit-1.13.0.dylib in Frameworks */ = {isa = PBXBuildFile; fileRef = 272E5A581BF7FED600848580 /* libcppunit-1.13.0.dylib */; };
		272E5A5D1BF800A100848580 /* EncoderTests.cc in Sources */ = {isa = PBXBuildFile; fileRef = 272E5A5B1BF800A100848580 /* EncoderTests.cc */; };
		272E5A5F1BF91DBE00848580 /* ObjCTests.mm in Sources */ = {isa = PBXBuildFile; fileRef = 272E5A5E1BF91DBE00848580 /* ObjCTests.mm */; };
		272E5A611BF91F6C00848580 /* slice.mm in Sources */ = {isa = PBXBuildFile; fileRef = 272E5A601BF91F6C00848580 /* slice.mm */; };
/* End PBXBuildFile section */

/* Begin PBXContainerItemProxy section */
		272E5A531BF7FE8200848580 /* PBXContainerItemProxy */ = {
			isa = PBXContainerItemProxy;
			containerPortal = 270FA2541BF53CAD005DCB13 /* Project object */;
			proxyType = 1;
			remoteGlobalIDString = 270FA25B1BF53CAD005DCB13;
			remoteInfo = Fleece;
		};
/* End PBXContainerItemProxy section */

/* Begin PBXCopyFilesBuildPhase section */
		272E5A491BF7FE5600848580 /* CopyFiles */ = {
			isa = PBXCopyFilesBuildPhase;
			buildActionMask = 2147483647;
			dstPath = /usr/share/man/man1/;
			dstSubfolderSpec = 0;
			files = (
			);
			runOnlyForDeploymentPostprocessing = 1;
		};
/* End PBXCopyFilesBuildPhase section */

/* Begin PBXFileReference section */
		270FA25C1BF53CAD005DCB13 /* libFleece.a */ = {isa = PBXFileReference; explicitFileType = archive.ar; includeInIndex = 0; path = libFleece.a; sourceTree = BUILT_PRODUCTS_DIR; };
		270FA26A1BF53CEA005DCB13 /* Value.cc */ = {isa = PBXFileReference; fileEncoding = 4; lastKnownFileType = sourcecode.cpp.cpp; path = Value.cc; sourceTree = "<group>"; };
		270FA26B1BF53CEA005DCB13 /* Value.hh */ = {isa = PBXFileReference; fileEncoding = 4; lastKnownFileType = sourcecode.cpp.h; path = Value.hh; sourceTree = "<group>"; };
		270FA26C1BF53CEA005DCB13 /* Value+JSON.cc */ = {isa = PBXFileReference; fileEncoding = 4; lastKnownFileType = sourcecode.cpp.cpp; path = "Value+JSON.cc"; sourceTree = "<group>"; };
		270FA26D1BF53CEA005DCB13 /* Value+ObjC.mm */ = {isa = PBXFileReference; fileEncoding = 4; lastKnownFileType = sourcecode.cpp.objcpp; path = "Value+ObjC.mm"; sourceTree = "<group>"; };
		270FA26E1BF53CEA005DCB13 /* Encoder.cc */ = {isa = PBXFileReference; fileEncoding = 4; lastKnownFileType = sourcecode.cpp.cpp; path = Encoder.cc; sourceTree = "<group>"; };
		270FA26F1BF53CEA005DCB13 /* Encoder.hh */ = {isa = PBXFileReference; fileEncoding = 4; lastKnownFileType = sourcecode.cpp.h; path = Encoder.hh; sourceTree = "<group>"; };
		270FA2701BF53CEA005DCB13 /* Encoder+ObjC.mm */ = {isa = PBXFileReference; fileEncoding = 4; lastKnownFileType = sourcecode.cpp.objcpp; path = "Encoder+ObjC.mm"; sourceTree = "<group>"; };
		270FA2711BF53CEA005DCB13 /* Writer.cc */ = {isa = PBXFileReference; fileEncoding = 4; lastKnownFileType = sourcecode.cpp.cpp; path = Writer.cc; sourceTree = "<group>"; };
		270FA2721BF53CEA005DCB13 /* Writer.hh */ = {isa = PBXFileReference; fileEncoding = 4; lastKnownFileType = sourcecode.cpp.h; path = Writer.hh; sourceTree = "<group>"; };
		270FA2731BF53CEA005DCB13 /* Endian.hh */ = {isa = PBXFileReference; fileEncoding = 4; lastKnownFileType = sourcecode.cpp.h; path = Endian.hh; sourceTree = "<group>"; };
		270FA2741BF53CEA005DCB13 /* slice.cc */ = {isa = PBXFileReference; fileEncoding = 4; lastKnownFileType = sourcecode.cpp.cpp; path = slice.cc; sourceTree = "<group>"; };
		270FA2751BF53CEA005DCB13 /* slice.hh */ = {isa = PBXFileReference; fileEncoding = 4; lastKnownFileType = sourcecode.cpp.h; path = slice.hh; sourceTree = "<group>"; };
		270FA2761BF53CEA005DCB13 /* varint.cc */ = {isa = PBXFileReference; fileEncoding = 4; lastKnownFileType = sourcecode.cpp.cpp; path = varint.cc; sourceTree = "<group>"; };
		270FA2771BF53CEA005DCB13 /* varint.hh */ = {isa = PBXFileReference; fileEncoding = 4; lastKnownFileType = sourcecode.cpp.h; path = varint.hh; sourceTree = "<group>"; };
		270FA2861BF53D32005DCB13 /* forestdb_endian.h */ = {isa = PBXFileReference; fileEncoding = 4; lastKnownFileType = sourcecode.c.h; path = forestdb_endian.h; sourceTree = "<group>"; };
		272E5A451BF7FD8F00848580 /* FleeceTests.cc */ = {isa = PBXFileReference; fileEncoding = 4; lastKnownFileType = sourcecode.cpp.cpp; path = FleeceTests.cc; sourceTree = "<group>"; };
		272E5A4B1BF7FE5600848580 /* Test */ = {isa = PBXFileReference; explicitFileType = "compiled.mach-o.executable"; includeInIndex = 0; path = Test; sourceTree = BUILT_PRODUCTS_DIR; };
		272E5A561BF7FEB200848580 /* libstdc++.tbd */ = {isa = PBXFileReference; lastKnownFileType = "sourcecode.text-based-dylib-definition"; name = "libstdc++.tbd"; path = "usr/lib/libstdc++.tbd"; sourceTree = SDKROOT; };
		272E5A581BF7FED600848580 /* libcppunit-1.13.0.dylib */ = {isa = PBXFileReference; lastKnownFileType = "compiled.mach-o.dylib"; name = "libcppunit-1.13.0.dylib"; path = "/usr/local/Cellar/cppunit/1.13.2/lib/libcppunit-1.13.0.dylib"; sourceTree = "<absolute>"; };
		272E5A5A1BF8004100848580 /* FleeceTests.hh */ = {isa = PBXFileReference; lastKnownFileType = sourcecode.cpp.h; path = FleeceTests.hh; sourceTree = "<group>"; };
		272E5A5B1BF800A100848580 /* EncoderTests.cc */ = {isa = PBXFileReference; fileEncoding = 4; lastKnownFileType = sourcecode.cpp.cpp; path = EncoderTests.cc; sourceTree = "<group>"; };
		272E5A5E1BF91DBE00848580 /* ObjCTests.mm */ = {isa = PBXFileReference; fileEncoding = 4; lastKnownFileType = sourcecode.cpp.objcpp; path = ObjCTests.mm; sourceTree = "<group>"; };
		272E5A601BF91F6C00848580 /* slice.mm */ = {isa = PBXFileReference; fileEncoding = 4; lastKnownFileType = sourcecode.cpp.objcpp; path = slice.mm; sourceTree = "<group>"; };
		272E5A671BFA7C3100848580 /* Internal.hh */ = {isa = PBXFileReference; lastKnownFileType = sourcecode.cpp.h; path = Internal.hh; sourceTree = "<group>"; };
		275C67DB1BFBA0F4008AA9E7 /* Fleece.md */ = {isa = PBXFileReference; lastKnownFileType = net.daringfireball.markdown; path = Fleece.md; sourceTree = "<group>"; };
		275C67DC1BFBA128008AA9E7 /* README.md */ = {isa = PBXFileReference; lastKnownFileType = net.daringfireball.markdown; path = README.md; sourceTree = "<group>"; };
/* End PBXFileReference section */

/* Begin PBXFrameworksBuildPhase section */
		270FA2591BF53CAD005DCB13 /* Frameworks */ = {
			isa = PBXFrameworksBuildPhase;
			buildActionMask = 2147483647;
			files = (
			);
			runOnlyForDeploymentPostprocessing = 0;
		};
		272E5A481BF7FE5600848580 /* Frameworks */ = {
			isa = PBXFrameworksBuildPhase;
			buildActionMask = 2147483647;
			files = (
				272E5A591BF7FED600848580 /* libcppunit-1.13.0.dylib in Frameworks */,
				272E5A571BF7FEB200848580 /* libstdc++.tbd in Frameworks */,
				272E5A551BF7FE9C00848580 /* libFleece.a in Frameworks */,
			);
			runOnlyForDeploymentPostprocessing = 0;
		};
/* End PBXFrameworksBuildPhase section */

/* Begin PBXGroup section */
		270FA2531BF53CAD005DCB13 = {
			isa = PBXGroup;
			children = (
				275C67DB1BFBA0F4008AA9E7 /* Fleece.md */,
				275C67DC1BFBA128008AA9E7 /* README.md */,
				270FA25E1BF53CAD005DCB13 /* Fleece */,
				272E5A441BF7FD1700848580 /* Tests */,
				272E5A651BFA4B5300848580 /* Libraries */,
				270FA25D1BF53CAD005DCB13 /* Products */,
			);
			sourceTree = "<group>";
		};
		270FA25D1BF53CAD005DCB13 /* Products */ = {
			isa = PBXGroup;
			children = (
				270FA25C1BF53CAD005DCB13 /* libFleece.a */,
				272E5A4B1BF7FE5600848580 /* Test */,
			);
			name = Products;
			sourceTree = "<group>";
		};
		270FA25E1BF53CAD005DCB13 /* Fleece */ = {
			isa = PBXGroup;
			children = (
				272E5A671BFA7C3100848580 /* Internal.hh */,
				270FA26A1BF53CEA005DCB13 /* Value.cc */,
				270FA26B1BF53CEA005DCB13 /* Value.hh */,
				270FA26C1BF53CEA005DCB13 /* Value+JSON.cc */,
				270FA26D1BF53CEA005DCB13 /* Value+ObjC.mm */,
				270FA26E1BF53CEA005DCB13 /* Encoder.cc */,
				270FA26F1BF53CEA005DCB13 /* Encoder.hh */,
				270FA2701BF53CEA005DCB13 /* Encoder+ObjC.mm */,
				270FA28D1BF53FB0005DCB13 /* Utilities */,
			);
			path = Fleece;
			sourceTree = "<group>";
		};
		270FA28D1BF53FB0005DCB13 /* Utilities */ = {
			isa = PBXGroup;
			children = (
				270FA2711BF53CEA005DCB13 /* Writer.cc */,
				270FA2721BF53CEA005DCB13 /* Writer.hh */,
				270FA2731BF53CEA005DCB13 /* Endian.hh */,
				270FA2741BF53CEA005DCB13 /* slice.cc */,
				270FA2751BF53CEA005DCB13 /* slice.hh */,
				272E5A601BF91F6C00848580 /* slice.mm */,
				270FA2761BF53CEA005DCB13 /* varint.cc */,
				270FA2771BF53CEA005DCB13 /* varint.hh */,
				270FA2861BF53D32005DCB13 /* forestdb_endian.h */,
			);
			name = Utilities;
			sourceTree = "<group>";
		};
		272E5A441BF7FD1700848580 /* Tests */ = {
			isa = PBXGroup;
			children = (
				272E5A451BF7FD8F00848580 /* FleeceTests.cc */,
				272E5A5A1BF8004100848580 /* FleeceTests.hh */,
				272E5A5B1BF800A100848580 /* EncoderTests.cc */,
				272E5A5E1BF91DBE00848580 /* ObjCTests.mm */,
			);
			path = Tests;
			sourceTree = "<group>";
		};
		272E5A651BFA4B5300848580 /* Libraries */ = {
			isa = PBXGroup;
			children = (
				272E5A581BF7FED600848580 /* libcppunit-1.13.0.dylib */,
				272E5A561BF7FEB200848580 /* libstdc++.tbd */,
			);
			name = Libraries;
			sourceTree = "<group>";
		};
/* End PBXGroup section */

/* Begin PBXHeadersBuildPhase section */
		270FA25A1BF53CAD005DCB13 /* Headers */ = {
			isa = PBXHeadersBuildPhase;
			buildActionMask = 2147483647;
			files = (
				270FA2831BF53CEA005DCB13 /* slice.hh in Headers */,
				270FA2851BF53CEA005DCB13 /* varint.hh in Headers */,
				270FA2791BF53CEA005DCB13 /* Value.hh in Headers */,
				270FA2811BF53CEA005DCB13 /* Endian.hh in Headers */,
				270FA2871BF53D32005DCB13 /* forestdb_endian.h in Headers */,
				270FA2801BF53CEA005DCB13 /* Writer.hh in Headers */,
				270FA27D1BF53CEA005DCB13 /* Encoder.hh in Headers */,
			);
			runOnlyForDeploymentPostprocessing = 0;
		};
/* End PBXHeadersBuildPhase section */

/* Begin PBXNativeTarget section */
		270FA25B1BF53CAD005DCB13 /* Fleece */ = {
			isa = PBXNativeTarget;
			buildConfigurationList = 270FA2671BF53CAD005DCB13 /* Build configuration list for PBXNativeTarget "Fleece" */;
			buildPhases = (
				270FA2581BF53CAD005DCB13 /* Sources */,
				270FA2591BF53CAD005DCB13 /* Frameworks */,
				270FA25A1BF53CAD005DCB13 /* Headers */,
			);
			buildRules = (
			);
			dependencies = (
			);
			name = Fleece;
			productName = Fleece;
			productReference = 270FA25C1BF53CAD005DCB13 /* libFleece.a */;
			productType = "com.apple.product-type.library.static";
		};
		272E5A4A1BF7FE5600848580 /* Test */ = {
			isa = PBXNativeTarget;
			buildConfigurationList = 272E5A4F1BF7FE5600848580 /* Build configuration list for PBXNativeTarget "Test" */;
			buildPhases = (
				272E5A471BF7FE5600848580 /* Sources */,
				272E5A481BF7FE5600848580 /* Frameworks */,
				272E5A491BF7FE5600848580 /* CopyFiles */,
			);
			buildRules = (
			);
			dependencies = (
				272E5A541BF7FE8200848580 /* PBXTargetDependency */,
			);
			name = Test;
			productName = Test;
			productReference = 272E5A4B1BF7FE5600848580 /* Test */;
			productType = "com.apple.product-type.tool";
		};
/* End PBXNativeTarget section */

/* Begin PBXProject section */
		270FA2541BF53CAD005DCB13 /* Project object */ = {
			isa = PBXProject;
			attributes = {
				LastUpgradeCheck = 0710;
				ORGANIZATIONNAME = Couchbase;
				TargetAttributes = {
					270FA25B1BF53CAD005DCB13 = {
						CreatedOnToolsVersion = 7.1.1;
					};
					272E5A4A1BF7FE5600848580 = {
						CreatedOnToolsVersion = 7.1.1;
					};
				};
			};
			buildConfigurationList = 270FA2571BF53CAD005DCB13 /* Build configuration list for PBXProject "Fleece" */;
			compatibilityVersion = "Xcode 3.2";
			developmentRegion = English;
			hasScannedForEncodings = 0;
			knownRegions = (
				en,
			);
			mainGroup = 270FA2531BF53CAD005DCB13;
			productRefGroup = 270FA25D1BF53CAD005DCB13 /* Products */;
			projectDirPath = "";
			projectRoot = "";
			targets = (
				270FA25B1BF53CAD005DCB13 /* Fleece */,
				272E5A4A1BF7FE5600848580 /* Test */,
			);
		};
/* End PBXProject section */

/* Begin PBXSourcesBuildPhase section */
		270FA2581BF53CAD005DCB13 /* Sources */ = {
			isa = PBXSourcesBuildPhase;
			buildActionMask = 2147483647;
			files = (
				270FA27C1BF53CEA005DCB13 /* Encoder.cc in Sources */,
				270FA27E1BF53CEA005DCB13 /* Encoder+ObjC.mm in Sources */,
				270FA27B1BF53CEA005DCB13 /* Value+ObjC.mm in Sources */,
				270FA27A1BF53CEA005DCB13 /* Value+JSON.cc in Sources */,
				270FA2841BF53CEA005DCB13 /* varint.cc in Sources */,
				272E5A611BF91F6C00848580 /* slice.mm in Sources */,
				270FA2821BF53CEA005DCB13 /* slice.cc in Sources */,
				270FA2781BF53CEA005DCB13 /* Value.cc in Sources */,
				270FA27F1BF53CEA005DCB13 /* Writer.cc in Sources */,
			);
			runOnlyForDeploymentPostprocessing = 0;
		};
		272E5A471BF7FE5600848580 /* Sources */ = {
			isa = PBXSourcesBuildPhase;
			buildActionMask = 2147483647;
			files = (
				272E5A5D1BF800A100848580 /* EncoderTests.cc in Sources */,
				272E5A521BF7FE7100848580 /* FleeceTests.cc in Sources */,
				272E5A5F1BF91DBE00848580 /* ObjCTests.mm in Sources */,
			);
			runOnlyForDeploymentPostprocessing = 0;
		};
/* End PBXSourcesBuildPhase section */

/* Begin PBXTargetDependency section */
		272E5A541BF7FE8200848580 /* PBXTargetDependency */ = {
			isa = PBXTargetDependency;
			target = 270FA25B1BF53CAD005DCB13 /* Fleece */;
			targetProxy = 272E5A531BF7FE8200848580 /* PBXContainerItemProxy */;
		};
/* End PBXTargetDependency section */

/* Begin XCBuildConfiguration section */
		270FA2651BF53CAD005DCB13 /* Debug */ = {
			isa = XCBuildConfiguration;
			buildSettings = {
				ALWAYS_SEARCH_USER_PATHS = NO;
				CLANG_CXX_LANGUAGE_STANDARD = "gnu++0x";
				CLANG_CXX_LIBRARY = "libc++";
				CLANG_ENABLE_MODULES = YES;
				CLANG_ENABLE_OBJC_ARC = YES;
				CLANG_WARN_BOOL_CONVERSION = YES;
				CLANG_WARN_CONSTANT_CONVERSION = YES;
				CLANG_WARN_DIRECT_OBJC_ISA_USAGE = YES_ERROR;
				CLANG_WARN_EMPTY_BODY = YES;
				CLANG_WARN_ENUM_CONVERSION = YES;
				CLANG_WARN_INT_CONVERSION = YES;
				CLANG_WARN_OBJC_ROOT_CLASS = YES_ERROR;
				CLANG_WARN_SUSPICIOUS_IMPLICIT_CONVERSION = YES;
				CLANG_WARN_UNREACHABLE_CODE = YES;
				CLANG_WARN__DUPLICATE_METHOD_MATCH = YES;
				CODE_SIGN_IDENTITY = "-";
				COPY_PHASE_STRIP = NO;
				DEBUG_INFORMATION_FORMAT = dwarf;
				ENABLE_STRICT_OBJC_MSGSEND = YES;
				ENABLE_TESTABILITY = YES;
				GCC_C_LANGUAGE_STANDARD = gnu99;
				GCC_DYNAMIC_NO_PIC = NO;
				GCC_NO_COMMON_BLOCKS = YES;
				GCC_OPTIMIZATION_LEVEL = 0;
				GCC_PREPROCESSOR_DEFINITIONS = (
					"DEBUG=1",
					"$(inherited)",
				);
				GCC_TREAT_WARNINGS_AS_ERRORS = YES;
				GCC_WARN_64_TO_32_BIT_CONVERSION = YES;
				GCC_WARN_ABOUT_MISSING_NEWLINE = YES;
				GCC_WARN_ABOUT_MISSING_PROTOTYPES = YES;
				GCC_WARN_ABOUT_RETURN_TYPE = YES_ERROR;
				GCC_WARN_NON_VIRTUAL_DESTRUCTOR = YES;
				GCC_WARN_SHADOW = YES;
				GCC_WARN_SIGN_COMPARE = YES;
				GCC_WARN_UNDECLARED_SELECTOR = YES;
				GCC_WARN_UNINITIALIZED_AUTOS = YES_AGGRESSIVE;
				GCC_WARN_UNUSED_FUNCTION = YES;
				GCC_WARN_UNUSED_VARIABLE = YES;
				MACOSX_DEPLOYMENT_TARGET = 10.11;
				MTL_ENABLE_DEBUG_INFO = YES;
				ONLY_ACTIVE_ARCH = YES;
				SDKROOT = macosx;
			};
			name = Debug;
		};
		270FA2661BF53CAD005DCB13 /* Release */ = {
			isa = XCBuildConfiguration;
			buildSettings = {
				ALWAYS_SEARCH_USER_PATHS = NO;
				CLANG_CXX_LANGUAGE_STANDARD = "gnu++0x";
				CLANG_CXX_LIBRARY = "libc++";
				CLANG_ENABLE_MODULES = YES;
				CLANG_ENABLE_OBJC_ARC = YES;
				CLANG_WARN_BOOL_CONVERSION = YES;
				CLANG_WARN_CONSTANT_CONVERSION = YES;
				CLANG_WARN_DIRECT_OBJC_ISA_USAGE = YES_ERROR;
				CLANG_WARN_EMPTY_BODY = YES;
				CLANG_WARN_ENUM_CONVERSION = YES;
				CLANG_WARN_INT_CONVERSION = YES;
				CLANG_WARN_OBJC_ROOT_CLASS = YES_ERROR;
				CLANG_WARN_SUSPICIOUS_IMPLICIT_CONVERSION = YES;
				CLANG_WARN_UNREACHABLE_CODE = YES;
				CLANG_WARN__DUPLICATE_METHOD_MATCH = YES;
				CODE_SIGN_IDENTITY = "-";
				COPY_PHASE_STRIP = NO;
				DEBUG_INFORMATION_FORMAT = "dwarf-with-dsym";
				ENABLE_NS_ASSERTIONS = NO;
				ENABLE_STRICT_OBJC_MSGSEND = YES;
				GCC_C_LANGUAGE_STANDARD = gnu99;
				GCC_NO_COMMON_BLOCKS = YES;
				GCC_TREAT_WARNINGS_AS_ERRORS = YES;
				GCC_WARN_64_TO_32_BIT_CONVERSION = YES;
				GCC_WARN_ABOUT_MISSING_NEWLINE = YES;
				GCC_WARN_ABOUT_MISSING_PROTOTYPES = YES;
				GCC_WARN_ABOUT_RETURN_TYPE = YES_ERROR;
				GCC_WARN_NON_VIRTUAL_DESTRUCTOR = YES;
				GCC_WARN_SHADOW = YES;
				GCC_WARN_SIGN_COMPARE = YES;
				GCC_WARN_UNDECLARED_SELECTOR = YES;
				GCC_WARN_UNINITIALIZED_AUTOS = YES_AGGRESSIVE;
				GCC_WARN_UNUSED_FUNCTION = YES;
				GCC_WARN_UNUSED_VARIABLE = YES;
				MACOSX_DEPLOYMENT_TARGET = 10.11;
				MTL_ENABLE_DEBUG_INFO = NO;
				SDKROOT = macosx;
			};
			name = Release;
		};
		270FA2681BF53CAD005DCB13 /* Debug */ = {
			isa = XCBuildConfiguration;
			buildSettings = {
				EXECUTABLE_PREFIX = lib;
				GCC_ENABLE_CPP_EXCEPTIONS = YES;
				GCC_ENABLE_CPP_RTTI = YES;
				HEADER_SEARCH_PATHS = /usr/local/include/;
				PRODUCT_NAME = "$(TARGET_NAME)";
			};
			name = Debug;
		};
		270FA2691BF53CAD005DCB13 /* Release */ = {
			isa = XCBuildConfiguration;
			buildSettings = {
				EXECUTABLE_PREFIX = lib;
				GCC_ENABLE_CPP_EXCEPTIONS = YES;
				GCC_ENABLE_CPP_RTTI = YES;
				HEADER_SEARCH_PATHS = /usr/local/include/;
				PRODUCT_NAME = "$(TARGET_NAME)";
			};
			name = Release;
		};
		272E5A501BF7FE5600848580 /* Debug */ = {
			isa = XCBuildConfiguration;
			buildSettings = {
				HEADER_SEARCH_PATHS = /usr/local/include/;
				LIBRARY_SEARCH_PATHS = (
					"$(inherited)",
					/usr/local/Cellar/cppunit/1.13.2/lib,
				);
				PRODUCT_NAME = "$(TARGET_NAME)";
			};
			name = Debug;
		};
		272E5A511BF7FE5600848580 /* Release */ = {
			isa = XCBuildConfiguration;
			buildSettings = {
				HEADER_SEARCH_PATHS = /usr/local/include/;
				LIBRARY_SEARCH_PATHS = (
					"$(inherited)",
					/usr/local/Cellar/cppunit/1.13.2/lib,
				);
				PRODUCT_NAME = "$(TARGET_NAME)";
			};
			name = Release;
		};
/* End XCBuildConfiguration section */

/* Begin XCConfigurationList section */
		270FA2571BF53CAD005DCB13 /* Build configuration list for PBXProject "Fleece" */ = {
			isa = XCConfigurationList;
			buildConfigurations = (
				270FA2651BF53CAD005DCB13 /* Debug */,
				270FA2661BF53CAD005DCB13 /* Release */,
			);
			defaultConfigurationIsVisible = 0;
			defaultConfigurationName = Release;
		};
		270FA2671BF53CAD005DCB13 /* Build configuration list for PBXNativeTarget "Fleece" */ = {
			isa = XCConfigurationList;
			buildConfigurations = (
				270FA2681BF53CAD005DCB13 /* Debug */,
				270FA2691BF53CAD005DCB13 /* Release */,
			);
			defaultConfigurationIsVisible = 0;
			defaultConfigurationName = Release;
		};
		272E5A4F1BF7FE5600848580 /* Build configuration list for PBXNativeTarget "Test" */ = {
			isa = XCConfigurationList;
			buildConfigurations = (
				272E5A501BF7FE5600848580 /* Debug */,
				272E5A511BF7FE5600848580 /* Release */,
			);
			defaultConfigurationIsVisible = 0;
			defaultConfigurationName = Release;
		};
/* End XCConfigurationList section */
	};
	rootObject = 270FA2541BF53CAD005DCB13 /* Project object */;
}
