// !$*UTF8*$!
{
	archiveVersion = 1;
	classes = {
	};
	objectVersion = 46;
	objects = {

/* Begin PBXBuildFile section */
		270FA2601BF53CAD005DCB13 /* Fleece.hpp in Headers */ = {isa = PBXBuildFile; fileRef = 270FA25F1BF53CAD005DCB13 /* Fleece.hpp */; };
		270FA2621BF53CAD005DCB13 /* FleecePriv.hpp in Headers */ = {isa = PBXBuildFile; fileRef = 270FA2611BF53CAD005DCB13 /* FleecePriv.hpp */; };
		270FA2641BF53CAD005DCB13 /* Fleece.cpp in Sources */ = {isa = PBXBuildFile; fileRef = 270FA2631BF53CAD005DCB13 /* Fleece.cpp */; };
/* End PBXBuildFile section */

/* Begin PBXFileReference section */
		270FA25C1BF53CAD005DCB13 /* libFleece.a */ = {isa = PBXFileReference; explicitFileType = archive.ar; includeInIndex = 0; path = libFleece.a; sourceTree = BUILT_PRODUCTS_DIR; };
		270FA25F1BF53CAD005DCB13 /* Fleece.hpp */ = {isa = PBXFileReference; lastKnownFileType = sourcecode.cpp.h; path = Fleece.hpp; sourceTree = "<group>"; };
		270FA2611BF53CAD005DCB13 /* FleecePriv.hpp */ = {isa = PBXFileReference; lastKnownFileType = sourcecode.cpp.h; path = FleecePriv.hpp; sourceTree = "<group>"; };
		270FA2631BF53CAD005DCB13 /* Fleece.cpp */ = {isa = PBXFileReference; lastKnownFileType = sourcecode.cpp.cpp; path = Fleece.cpp; sourceTree = "<group>"; };
/* End PBXFileReference section */

/* Begin PBXFrameworksBuildPhase section */
		270FA2591BF53CAD005DCB13 /* Frameworks */ = {
			isa = PBXFrameworksBuildPhase;
			buildActionMask = 2147483647;
			files = (
			);
			runOnlyForDeploymentPostprocessing = 0;
		};
/* End PBXFrameworksBuildPhase section */

/* Begin PBXGroup section */
		270FA2531BF53CAD005DCB13 = {
			isa = PBXGroup;
			children = (
				270FA25E1BF53CAD005DCB13 /* Fleece */,
				270FA25D1BF53CAD005DCB13 /* Products */,
			);
			sourceTree = "<group>";
		};
		270FA25D1BF53CAD005DCB13 /* Products */ = {
			isa = PBXGroup;
			children = (
				270FA25C1BF53CAD005DCB13 /* libFleece.a */,
			);
			name = Products;
			sourceTree = "<group>";
		};
		270FA25E1BF53CAD005DCB13 /* Fleece */ = {
			isa = PBXGroup;
			children = (
				270FA25F1BF53CAD005DCB13 /* Fleece.hpp */,
				270FA2611BF53CAD005DCB13 /* FleecePriv.hpp */,
				270FA2631BF53CAD005DCB13 /* Fleece.cpp */,
			);
			path = Fleece;
			sourceTree = "<group>";
		};
/* End PBXGroup section */

/* Begin PBXHeadersBuildPhase section */
		270FA25A1BF53CAD005DCB13 /* Headers */ = {
			isa = PBXHeadersBuildPhase;
			buildActionMask = 2147483647;
			files = (
				270FA2601BF53CAD005DCB13 /* Fleece.hpp in Headers */,
				270FA2621BF53CAD005DCB13 /* FleecePriv.hpp in Headers */,
			);
			runOnlyForDeploymentPostprocessing = 0;
		};
/* End PBXHeadersBuildPhase section */

/* Begin PBXNativeTarget section */
		270FA25B1BF53CAD005DCB13 /* Fleece */ = {
			isa = PBXNativeTarget;
			buildConfigurationList = 270FA2671BF53CAD005DCB13 /* Build configuration list for PBXNativeTarget "Fleece" */;
			buildPhases = (
				270FA2581BF53CAD005DCB13 /* Sources */,
				270FA2591BF53CAD005DCB13 /* Frameworks */,
				270FA25A1BF53CAD005DCB13 /* Headers */,
			);
			buildRules = (
			);
			dependencies = (
			);
			name = Fleece;
			productName = Fleece;
			productReference = 270FA25C1BF53CAD005DCB13 /* libFleece.a */;
			productType = "com.apple.product-type.library.static";
		};
/* End PBXNativeTarget section */

/* Begin PBXProject section */
		270FA2541BF53CAD005DCB13 /* Project object */ = {
			isa = PBXProject;
			attributes = {
				LastUpgradeCheck = 0710;
				ORGANIZATIONNAME = Couchbase;
				TargetAttributes = {
					270FA25B1BF53CAD005DCB13 = {
						CreatedOnToolsVersion = 7.1.1;
					};
				};
			};
			buildConfigurationList = 270FA2571BF53CAD005DCB13 /* Build configuration list for PBXProject "Fleece" */;
			compatibilityVersion = "Xcode 3.2";
			developmentRegion = English;
			hasScannedForEncodings = 0;
			knownRegions = (
				en,
			);
			mainGroup = 270FA2531BF53CAD005DCB13;
			productRefGroup = 270FA25D1BF53CAD005DCB13 /* Products */;
			projectDirPath = "";
			projectRoot = "";
			targets = (
				270FA25B1BF53CAD005DCB13 /* Fleece */,
			);
		};
/* End PBXProject section */

/* Begin PBXSourcesBuildPhase section */
		270FA2581BF53CAD005DCB13 /* Sources */ = {
			isa = PBXSourcesBuildPhase;
			buildActionMask = 2147483647;
			files = (
				270FA2641BF53CAD005DCB13 /* Fleece.cpp in Sources */,
			);
			runOnlyForDeploymentPostprocessing = 0;
		};
/* End PBXSourcesBuildPhase section */

/* Begin XCBuildConfiguration section */
		270FA2651BF53CAD005DCB13 /* Debug */ = {
			isa = XCBuildConfiguration;
			buildSettings = {
				ALWAYS_SEARCH_USER_PATHS = NO;
				CLANG_CXX_LANGUAGE_STANDARD = "gnu++0x";
				CLANG_CXX_LIBRARY = "libc++";
				CLANG_ENABLE_MODULES = YES;
				CLANG_ENABLE_OBJC_ARC = YES;
				CLANG_WARN_BOOL_CONVERSION = YES;
				CLANG_WARN_CONSTANT_CONVERSION = YES;
				CLANG_WARN_DIRECT_OBJC_ISA_USAGE = YES_ERROR;
				CLANG_WARN_EMPTY_BODY = YES;
				CLANG_WARN_ENUM_CONVERSION = YES;
				CLANG_WARN_INT_CONVERSION = YES;
				CLANG_WARN_OBJC_ROOT_CLASS = YES_ERROR;
				CLANG_WARN_UNREACHABLE_CODE = YES;
				CLANG_WARN__DUPLICATE_METHOD_MATCH = YES;
				CODE_SIGN_IDENTITY = "-";
				COPY_PHASE_STRIP = NO;
				DEBUG_INFORMATION_FORMAT = dwarf;
				ENABLE_STRICT_OBJC_MSGSEND = YES;
				ENABLE_TESTABILITY = YES;
				GCC_C_LANGUAGE_STANDARD = gnu99;
				GCC_DYNAMIC_NO_PIC = NO;
				GCC_NO_COMMON_BLOCKS = YES;
				GCC_OPTIMIZATION_LEVEL = 0;
				GCC_PREPROCESSOR_DEFINITIONS = (
					"DEBUG=1",
					"$(inherited)",
				);
				GCC_WARN_64_TO_32_BIT_CONVERSION = YES;
				GCC_WARN_ABOUT_RETURN_TYPE = YES_ERROR;
				GCC_WARN_UNDECLARED_SELECTOR = YES;
				GCC_WARN_UNINITIALIZED_AUTOS = YES_AGGRESSIVE;
				GCC_WARN_UNUSED_FUNCTION = YES;
				GCC_WARN_UNUSED_VARIABLE = YES;
				MACOSX_DEPLOYMENT_TARGET = 10.11;
				MTL_ENABLE_DEBUG_INFO = YES;
				ONLY_ACTIVE_ARCH = YES;
				SDKROOT = macosx;
			};
			name = Debug;
		};
		270FA2661BF53CAD005DCB13 /* Release */ = {
			isa = XCBuildConfiguration;
			buildSettings = {
				ALWAYS_SEARCH_USER_PATHS = NO;
				CLANG_CXX_LANGUAGE_STANDARD = "gnu++0x";
				CLANG_CXX_LIBRARY = "libc++";
				CLANG_ENABLE_MODULES = YES;
				CLANG_ENABLE_OBJC_ARC = YES;
				CLANG_WARN_BOOL_CONVERSION = YES;
				CLANG_WARN_CONSTANT_CONVERSION = YES;
				CLANG_WARN_DIRECT_OBJC_ISA_USAGE = YES_ERROR;
				CLANG_WARN_EMPTY_BODY = YES;
				CLANG_WARN_ENUM_CONVERSION = YES;
				CLANG_WARN_INT_CONVERSION = YES;
				CLANG_WARN_OBJC_ROOT_CLASS = YES_ERROR;
				CLANG_WARN_UNREACHABLE_CODE = YES;
				CLANG_WARN__DUPLICATE_METHOD_MATCH = YES;
				CODE_SIGN_IDENTITY = "-";
				COPY_PHASE_STRIP = NO;
				DEBUG_INFORMATION_FORMAT = "dwarf-with-dsym";
				ENABLE_NS_ASSERTIONS = NO;
				ENABLE_STRICT_OBJC_MSGSEND = YES;
				GCC_C_LANGUAGE_STANDARD = gnu99;
				GCC_NO_COMMON_BLOCKS = YES;
				GCC_WARN_64_TO_32_BIT_CONVERSION = YES;
				GCC_WARN_ABOUT_RETURN_TYPE = YES_ERROR;
				GCC_WARN_UNDECLARED_SELECTOR = YES;
				GCC_WARN_UNINITIALIZED_AUTOS = YES_AGGRESSIVE;
				GCC_WARN_UNUSED_FUNCTION = YES;
				GCC_WARN_UNUSED_VARIABLE = YES;
				MACOSX_DEPLOYMENT_TARGET = 10.11;
				MTL_ENABLE_DEBUG_INFO = NO;
				SDKROOT = macosx;
			};
			name = Release;
		};
		270FA2681BF53CAD005DCB13 /* Debug */ = {
			isa = XCBuildConfiguration;
			buildSettings = {
				EXECUTABLE_PREFIX = lib;
				GCC_ENABLE_CPP_EXCEPTIONS = YES;
				GCC_ENABLE_CPP_RTTI = YES;
				PRODUCT_NAME = "$(TARGET_NAME)";
			};
			name = Debug;
		};
		270FA2691BF53CAD005DCB13 /* Release */ = {
			isa = XCBuildConfiguration;
			buildSettings = {
				EXECUTABLE_PREFIX = lib;
				GCC_ENABLE_CPP_EXCEPTIONS = YES;
				GCC_ENABLE_CPP_RTTI = YES;
				PRODUCT_NAME = "$(TARGET_NAME)";
			};
			name = Release;
		};
/* End XCBuildConfiguration section */

/* Begin XCConfigurationList section */
		270FA2571BF53CAD005DCB13 /* Build configuration list for PBXProject "Fleece" */ = {
			isa = XCConfigurationList;
			buildConfigurations = (
				270FA2651BF53CAD005DCB13 /* Debug */,
				270FA2661BF53CAD005DCB13 /* Release */,
			);
			defaultConfigurationIsVisible = 0;
			defaultConfigurationName = Release;
		};
		270FA2671BF53CAD005DCB13 /* Build configuration list for PBXNativeTarget "Fleece" */ = {
			isa = XCConfigurationList;
			buildConfigurations = (
				270FA2681BF53CAD005DCB13 /* Debug */,
				270FA2691BF53CAD005DCB13 /* Release */,
			);
			defaultConfigurationIsVisible = 0;
		};
/* End XCConfigurationList section */
	};
	rootObject = 270FA2541BF53CAD005DCB13 /* Project object */;
}
